
Microsoft Visual Studio Solution File, Format Version 12.00
# Visual Studio Version 16
VisualStudioVersion = 16.0.32002.261
MinimumVisualStudioVersion = 10.0.40219.1
Project("{FAE04EC0-301F-11D3-BF4B-00C04F79EFBC}") = "SeleniumDriverUpdater", "SeleniumDriverUpdater\SeleniumDriverUpdater.csproj", "{FB7751FD-62DF-48FD-BEA3-DB0329A48009}"
EndProject
Project("{FAE04EC0-301F-11D3-BF4B-00C04F79EFBC}") = "SeleniumOperations", "SeleniumOperations\SeleniumOperations.csproj", "{A4E7DCC6-8405-42AC-B42C-97A1994D5294}"
EndProject
Global
	GlobalSection(SolutionConfigurationPlatforms) = preSolution
		Debug|Any CPU = Debug|Any CPU
		Release|Any CPU = Release|Any CPU
	EndGlobalSection
	GlobalSection(ProjectConfigurationPlatforms) = postSolution
		{FB7751FD-62DF-48FD-BEA3-DB0329A48009}.Debug|Any CPU.ActiveCfg = Debug|Any CPU
		{FB7751FD-62DF-48FD-BEA3-DB0329A48009}.Debug|Any CPU.Build.0 = Debug|Any CPU
		{FB7751FD-62DF-48FD-BEA3-DB0329A48009}.Release|Any CPU.ActiveCfg = Release|Any CPU
		{FB7751FD-62DF-48FD-BEA3-DB0329A48009}.Release|Any CPU.Build.0 = Release|Any CPU
		{A4E7DCC6-8405-42AC-B42C-97A1994D5294}.Debug|Any CPU.ActiveCfg = Debug|Any CPU
		{A4E7DCC6-8405-42AC-B42C-97A1994D5294}.Debug|Any CPU.Build.0 = Debug|Any CPU
		{A4E7DCC6-8405-42AC-B42C-97A1994D5294}.Release|Any CPU.ActiveCfg = Release|Any CPU
		{A4E7DCC6-8405-42AC-B42C-97A1994D5294}.Release|Any CPU.Build.0 = Release|Any CPU
	EndGlobalSection
	GlobalSection(SolutionProperties) = preSolution
		HideSolutionNode = FALSE
	EndGlobalSection
	GlobalSection(ExtensibilityGlobals) = postSolution
		SolutionGuid = {98E73742-DECF-4B59-BC3E-503DF0F22F28}
	EndGlobalSection
EndGlobal
